
Microsoft Visual Studio Solution File, Format Version 12.00
# Visual Studio Version 16
VisualStudioVersion = 16.0.32126.315
MinimumVisualStudioVersion = 10.0.40219.1
Project("{FAE04EC0-301F-11D3-BF4B-00C04F79EFBC}") = "Implement Onion Arctech", "Implement Onion Arctech\Implement Onion Arctech.csproj", "{E5EC7A5B-E2F2-4D96-A94C-5C00C9B1DDBA}"
EndProject
Project("{FAE04EC0-301F-11D3-BF4B-00C04F79EFBC}") = "Domain_Layer", "Domain_Layer\Domain_Layer.csproj", "{06AE80E2-6CCD-446D-86C6-A9FEB237A89C}"
EndProject
Project("{FAE04EC0-301F-11D3-BF4B-00C04F79EFBC}") = "Repository_Layer", "Repository_Layer\Repository_Layer.csproj", "{9EE1988C-B2B3-4FA6-A8EF-2477C8593C81}"
EndProject
Project("{FAE04EC0-301F-11D3-BF4B-00C04F79EFBC}") = "Service_Layer", "Service_Layer\Service_Layer.csproj", "{D482BF59-46D6-4836-BE97-9812D07D265A}"
EndProject
Global
	GlobalSection(SolutionConfigurationPlatforms) = preSolution
		Debug|Any CPU = Debug|Any CPU
		Release|Any CPU = Release|Any CPU
	EndGlobalSection
	GlobalSection(ProjectConfigurationPlatforms) = postSolution
		{E5EC7A5B-E2F2-4D96-A94C-5C00C9B1DDBA}.Debug|Any CPU.ActiveCfg = Debug|Any CPU
		{E5EC7A5B-E2F2-4D96-A94C-5C00C9B1DDBA}.Debug|Any CPU.Build.0 = Debug|Any CPU
		{E5EC7A5B-E2F2-4D96-A94C-5C00C9B1DDBA}.Release|Any CPU.ActiveCfg = Release|Any CPU
		{E5EC7A5B-E2F2-4D96-A94C-5C00C9B1DDBA}.Release|Any CPU.Build.0 = Release|Any CPU
		{06AE80E2-6CCD-446D-86C6-A9FEB237A89C}.Debug|Any CPU.ActiveCfg = Debug|Any CPU
		{06AE80E2-6CCD-446D-86C6-A9FEB237A89C}.Debug|Any CPU.Build.0 = Debug|Any CPU
		{06AE80E2-6CCD-446D-86C6-A9FEB237A89C}.Release|Any CPU.ActiveCfg = Release|Any CPU
		{06AE80E2-6CCD-446D-86C6-A9FEB237A89C}.Release|Any CPU.Build.0 = Release|Any CPU
		{9EE1988C-B2B3-4FA6-A8EF-2477C8593C81}.Debug|Any CPU.ActiveCfg = Debug|Any CPU
		{9EE1988C-B2B3-4FA6-A8EF-2477C8593C81}.Debug|Any CPU.Build.0 = Debug|Any CPU
		{9EE1988C-B2B3-4FA6-A8EF-2477C8593C81}.Release|Any CPU.ActiveCfg = Release|Any CPU
		{9EE1988C-B2B3-4FA6-A8EF-2477C8593C81}.Release|Any CPU.Build.0 = Release|Any CPU
		{D482BF59-46D6-4836-BE97-9812D07D265A}.Debug|Any CPU.ActiveCfg = Debug|Any CPU
		{D482BF59-46D6-4836-BE97-9812D07D265A}.Debug|Any CPU.Build.0 = Debug|Any CPU
		{D482BF59-46D6-4836-BE97-9812D07D265A}.Release|Any CPU.ActiveCfg = Release|Any CPU
		{D482BF59-46D6-4836-BE97-9812D07D265A}.Release|Any CPU.Build.0 = Release|Any CPU
	EndGlobalSection
	GlobalSection(SolutionProperties) = preSolution
		HideSolutionNode = FALSE
	EndGlobalSection
	GlobalSection(ExtensibilityGlobals) = postSolution
		SolutionGuid = {4C927792-622E-4831-AC59-55B7C9E5D9B2}
	EndGlobalSection
EndGlobal
